github.com/KirillShikunov/compliments v1.0.0 h1:U7ZBGcqsV997EObhhVyPT3uXud+LclkSeb7DqGZnrX8=
github.com/KirillShikunov/compliments v1.0.0/go.mod h1:LpjJpyzan4JpfZWy6VKqFWbS1Xufa866+lFzI5jC+7g=
github.com/KirillShikunov/compliments v1.0.1 h1:plkUM4aUqoRAOAZ7UUUdGj2NevMjItvEz+1HaGfVA+g=
github.com/KirillShikunov/compliments v1.0.1/go.mod h1:LpjJpyzan4JpfZWy6VKqFWbS1Xufa866+lFzI5jC+7g=
golang.org/x/crypto v0.21.0/go.mod h1:0BP7YvVV9gBbVKyeTG0Gyn+gZm94bibOW5BjDEYAOMs=
